
Microsoft Visual Studio Solution File, Format Version 12.00
# Visual Studio Version 17
VisualStudioVersion = 17.5.33414.496
MinimumVisualStudioVersion = 10.0.40219.1
Project("{FAE04EC0-301F-11D3-BF4B-00C04F79EFBC}") = "Testground", "Testground\Testground.csproj", "{FE78F7E8-F476-4338-9164-0D9D793313D8}"
EndProject
Global
	GlobalSection(SolutionConfigurationPlatforms) = preSolution
		Debug|Any CPU = Debug|Any CPU
		Release|Any CPU = Release|Any CPU
	EndGlobalSection
	GlobalSection(ProjectConfigurationPlatforms) = postSolution
		{FE78F7E8-F476-4338-9164-0D9D793313D8}.Debug|Any CPU.ActiveCfg = Debug|Any CPU
		{FE78F7E8-F476-4338-9164-0D9D793313D8}.Debug|Any CPU.Build.0 = Debug|Any CPU
		{FE78F7E8-F476-4338-9164-0D9D793313D8}.Release|Any CPU.ActiveCfg = Release|Any CPU
		{FE78F7E8-F476-4338-9164-0D9D793313D8}.Release|Any CPU.Build.0 = Release|Any CPU
	EndGlobalSection
	GlobalSection(SolutionProperties) = preSolution
		HideSolutionNode = FALSE
	EndGlobalSection
	GlobalSection(ExtensibilityGlobals) = postSolution
		SolutionGuid = {C338C6AE-4B66-440E-92C4-A1A427DD0534}
	EndGlobalSection
EndGlobal
